
Microsoft Visual Studio Solution File, Format Version 12.00
# Visual Studio Version 17
VisualStudioVersion = 17.5.33530.505
MinimumVisualStudioVersion = 10.0.40219.1
Project("{9A19103F-16F7-4668-BE54-9A1E7A4F7556}") = "server", "server\server.csproj", "{643BA2DA-2538-4703-9699-5524FE56A4BF}"
EndProject
Project("{9A19103F-16F7-4668-BE54-9A1E7A4F7556}") = "PewBibleKjv.Text", "PewBibleKjv.Text\PewBibleKjv.Text.csproj", "{D3DFF06F-C8B1-4903-8DD6-6579552731DD}"
EndProject
Global
	GlobalSection(SolutionConfigurationPlatforms) = preSolution
		Debug|Any CPU = Debug|Any CPU
		Release|Any CPU = Release|Any CPU
	EndGlobalSection
	GlobalSection(ProjectConfigurationPlatforms) = postSolution
		{643BA2DA-2538-4703-9699-5524FE56A4BF}.Debug|Any CPU.ActiveCfg = Debug|Any CPU
		{643BA2DA-2538-4703-9699-5524FE56A4BF}.Debug|Any CPU.Build.0 = Debug|Any CPU
		{643BA2DA-2538-4703-9699-5524FE56A4BF}.Release|Any CPU.ActiveCfg = Release|Any CPU
		{643BA2DA-2538-4703-9699-5524FE56A4BF}.Release|Any CPU.Build.0 = Release|Any CPU
		{D3DFF06F-C8B1-4903-8DD6-6579552731DD}.Debug|Any CPU.ActiveCfg = Debug|Any CPU
		{D3DFF06F-C8B1-4903-8DD6-6579552731DD}.Debug|Any CPU.Build.0 = Debug|Any CPU
		{D3DFF06F-C8B1-4903-8DD6-6579552731DD}.Release|Any CPU.ActiveCfg = Release|Any CPU
		{D3DFF06F-C8B1-4903-8DD6-6579552731DD}.Release|Any CPU.Build.0 = Release|Any CPU
	EndGlobalSection
	GlobalSection(SolutionProperties) = preSolution
		HideSolutionNode = FALSE
	EndGlobalSection
	GlobalSection(ExtensibilityGlobals) = postSolution
		SolutionGuid = {41B1EA8F-201A-4E32-857E-B9D2C9B70E6C}
	EndGlobalSection
EndGlobal
